
Microsoft Visual Studio Solution File, Format Version 12.00
# Visual Studio Version 16
VisualStudioVersion = 16.0.30711.63
MinimumVisualStudioVersion = 10.0.40219.1
Project("{FAE04EC0-301F-11D3-BF4B-00C04F79EFBC}") = "mobileweb", "mobileweb\mobileweb.csproj", "{5781BC68-C52A-4531-B14E-480ACC6DEDA1}"
EndProject
Global
	GlobalSection(SolutionConfigurationPlatforms) = preSolution
		Debug|Any CPU = Debug|Any CPU
		Release|Any CPU = Release|Any CPU
	EndGlobalSection
	GlobalSection(ProjectConfigurationPlatforms) = postSolution
		{5781BC68-C52A-4531-B14E-480ACC6DEDA1}.Debug|Any CPU.ActiveCfg = Debug|Any CPU
		{5781BC68-C52A-4531-B14E-480ACC6DEDA1}.Debug|Any CPU.Build.0 = Debug|Any CPU
		{5781BC68-C52A-4531-B14E-480ACC6DEDA1}.Release|Any CPU.ActiveCfg = Release|Any CPU
		{5781BC68-C52A-4531-B14E-480ACC6DEDA1}.Release|Any CPU.Build.0 = Release|Any CPU
	EndGlobalSection
	GlobalSection(SolutionProperties) = preSolution
		HideSolutionNode = FALSE
	EndGlobalSection
	GlobalSection(ExtensibilityGlobals) = postSolution
		SolutionGuid = {83BE3C6F-4086-4886-8AB7-9463ED2C5D0C}
	EndGlobalSection
EndGlobal
